{
  "name": "edgedb_bug_repro",
  "lockfileVersion": 2,
  "requires": true,
  "packages": {
    "": {
      "dependencies": {
        "edgedb": "^0.22.1"
      },
      "devDependencies": {
        "@types/node": "^18.7.13"
      }
    },
    "node_modules/@types/node": {
      "version": "18.7.13",
      "resolved": "https://registry.npmjs.org/@types/node/-/node-18.7.13.tgz",
      "integrity": "sha512-46yIhxSe5xEaJZXWdIBP7GU4HDTG8/eo0qd9atdiL+lFpA03y8KS+lkTN834TWJj5767GbWv4n/P6efyTFt1Dw==",
      "dev": true
    },
    "node_modules/edgedb": {
      "version": "0.22.1",
      "resolved": "https://registry.npmjs.org/edgedb/-/edgedb-0.22.1.tgz",
      "integrity": "sha512-Wh7OnE4UV33P3Pjv1Ow5JHOk1ATVWsP09/b3/GmkGWcChVNLv1Qju6UmRTWnVurcBYWgFy2JlYVHOEivG2Y6zg==",
      "bin": {
        "edgeql-js": "dist/reflection/cli.js"
      },
      "engines": {
        "node": ">= 10.0.0"
      }
    }
  },
  "dependencies": {
    "@types/node": {
      "version": "18.7.13",
      "resolved": "https://registry.npmjs.org/@types/node/-/node-18.7.13.tgz",
      "integrity": "sha512-46yIhxSe5xEaJZXWdIBP7GU4HDTG8/eo0qd9atdiL+lFpA03y8KS+lkTN834TWJj5767GbWv4n/P6efyTFt1Dw==",
      "dev": true
    },
    "edgedb": {
      "version": "0.22.1",
      "resolved": "https://registry.npmjs.org/edgedb/-/edgedb-0.22.1.tgz",
      "integrity": "sha512-Wh7OnE4UV33P3Pjv1Ow5JHOk1ATVWsP09/b3/GmkGWcChVNLv1Qju6UmRTWnVurcBYWgFy2JlYVHOEivG2Y6zg=="
    }
  }
}
